// !$*UTF8*$!
{
	archiveVersion = 1;
	classes = {
	};
	objectVersion = 51;
	objects = {

/* Begin PBXBuildFile section */
		7C7EFD1225D85D0200754881 /* GoogleService-Info.plist in Resources */ = {isa = PBXBuildFile; fileRef = 7C7EFD1125D85D0200754881 /* GoogleService-Info.plist */; };
		7CF025FE25D838E900356303 /* SettingsModel.swift in Sources */ = {isa = PBXBuildFile; fileRef = 7CF025FD25D838E900356303 /* SettingsModel.swift */; };
		F41E4D788D4DE3738E990BBA /* Pods_LinkUp.framework in Frameworks */ = {isa = PBXBuildFile; fileRef = A2FC4B5FD2CFE72382AB89A1 /* Pods_LinkUp.framework */; };
		FE14C17C22EAF452001E6471 /* TopNavigationStackView.swift in Sources */ = {isa = PBXBuildFile; fileRef = FE14C17B22EAF452001E6471 /* TopNavigationStackView.swift */; };
		FE14C17E22EAFB77001E6471 /* CardView.swift in Sources */ = {isa = PBXBuildFile; fileRef = FE14C17D22EAFB77001E6471 /* CardView.swift */; };
		FE14C18122EB18F4001E6471 /* User.swift in Sources */ = {isa = PBXBuildFile; fileRef = FE14C18022EB18F4001E6471 /* User.swift */; };
		FE14C18422EB22E5001E6471 /* CardViewModel.swift in Sources */ = {isa = PBXBuildFile; fileRef = FE14C18322EB22E5001E6471 /* CardViewModel.swift */; };
		FE27060B22E991A300CA7225 /* AppDelegate.swift in Sources */ = {isa = PBXBuildFile; fileRef = FE27060A22E991A300CA7225 /* AppDelegate.swift */; };
		FE27060D22E991A300CA7225 /* HomeController.swift in Sources */ = {isa = PBXBuildFile; fileRef = FE27060C22E991A300CA7225 /* HomeController.swift */; };
		FE27061022E991A300CA7225 /* Main.storyboard in Resources */ = {isa = PBXBuildFile; fileRef = FE27060E22E991A300CA7225 /* Main.storyboard */; };
		FE27061222E991A400CA7225 /* Assets.xcassets in Resources */ = {isa = PBXBuildFile; fileRef = FE27061122E991A400CA7225 /* Assets.xcassets */; };
		FE27061522E991A400CA7225 /* LaunchScreen.storyboard in Resources */ = {isa = PBXBuildFile; fileRef = FE27061322E991A400CA7225 /* LaunchScreen.storyboard */; };
		FE27062122E9CC0D00CA7225 /* HomeBottomControlsStackView.swift in Sources */ = {isa = PBXBuildFile; fileRef = FE27062022E9CC0D00CA7225 /* HomeBottomControlsStackView.swift */; };
		FE5F5F6B230A9FEB0001E6A1 /* PhotoController.swift in Sources */ = {isa = PBXBuildFile; fileRef = FE5F5F6A230A9FEB0001E6A1 /* PhotoController.swift */; };
		FE5F5F6E230AA0480001E6A1 /* MatchesHorizontalController.swift in Sources */ = {isa = PBXBuildFile; fileRef = FE5F5F6D230AA0480001E6A1 /* MatchesHorizontalController.swift */; };
		FE5F5F70230AA0680001E6A1 /* ChatLogController.swift in Sources */ = {isa = PBXBuildFile; fileRef = FE5F5F6F230AA0680001E6A1 /* ChatLogController.swift */; };
		FE5F5F72230AA07B0001E6A1 /* MatchesMessagesController.swift in Sources */ = {isa = PBXBuildFile; fileRef = FE5F5F71230AA07B0001E6A1 /* MatchesMessagesController.swift */; };
		FE5F5F75230AA0B80001E6A1 /* MessagesNavBar.swift in Sources */ = {isa = PBXBuildFile; fileRef = FE5F5F74230AA0B80001E6A1 /* MessagesNavBar.swift */; };
		FE5F5F77230AA0D00001E6A1 /* MessageCell.swift in Sources */ = {isa = PBXBuildFile; fileRef = FE5F5F76230AA0D00001E6A1 /* MessageCell.swift */; };
		FE5F5F79230AA0EE0001E6A1 /* CustomInputAcessoryView.swift in Sources */ = {isa = PBXBuildFile; fileRef = FE5F5F78230AA0EE0001E6A1 /* CustomInputAcessoryView.swift */; };
		FE5F5F7B230AA1020001E6A1 /* MatchCell.swift in Sources */ = {isa = PBXBuildFile; fileRef = FE5F5F7A230AA1020001E6A1 /* MatchCell.swift */; };
		FE5F5F7D230AA1180001E6A1 /* MatchesNavBar.swift in Sources */ = {isa = PBXBuildFile; fileRef = FE5F5F7C230AA1180001E6A1 /* MatchesNavBar.swift */; };
		FE5F5F7F230AA12B0001E6A1 /* MatchesHeader.swift in Sources */ = {isa = PBXBuildFile; fileRef = FE5F5F7E230AA12B0001E6A1 /* MatchesHeader.swift */; };
		FE5F5F81230AA14D0001E6A1 /* RecentMessageCell.swift in Sources */ = {isa = PBXBuildFile; fileRef = FE5F5F80230AA14D0001E6A1 /* RecentMessageCell.swift */; };
		FE5F5F83230AA1810001E6A1 /* RecentMessage.swift in Sources */ = {isa = PBXBuildFile; fileRef = FE5F5F82230AA1810001E6A1 /* RecentMessage.swift */; };
		FE5F5F85230AA1910001E6A1 /* Message.swift in Sources */ = {isa = PBXBuildFile; fileRef = FE5F5F84230AA1910001E6A1 /* Message.swift */; };
		FE5F5F87230AA1A90001E6A1 /* Match.swift in Sources */ = {isa = PBXBuildFile; fileRef = FE5F5F86230AA1A90001E6A1 /* Match.swift */; };
		FE5F5F89230AA3910001E6A1 /* MatchView.swift in Sources */ = {isa = PBXBuildFile; fileRef = FE5F5F88230AA3910001E6A1 /* MatchView.swift */; };
		FE5F5F8B230AA3AB0001E6A1 /* SendMessageButton.swift in Sources */ = {isa = PBXBuildFile; fileRef = FE5F5F8A230AA3AB0001E6A1 /* SendMessageButton.swift */; };
		FE5F5F8D230AA3D70001E6A1 /* KeepSwipingButton.swift in Sources */ = {isa = PBXBuildFile; fileRef = FE5F5F8C230AA3D70001E6A1 /* KeepSwipingButton.swift */; };
		FE64CF1622FAA92900072CF7 /* SettingsController.swift in Sources */ = {isa = PBXBuildFile; fileRef = FE64CF1522FAA92900072CF7 /* SettingsController.swift */; };
		FE694235230A17B400A73D8E /* SettingsCell.swift in Sources */ = {isa = PBXBuildFile; fileRef = FE694234230A17B400A73D8E /* SettingsCell.swift */; };
		FE694237230A2A2100A73D8E /* AgeRangeCell.swift in Sources */ = {isa = PBXBuildFile; fileRef = FE694236230A2A2100A73D8E /* AgeRangeCell.swift */; };
		FE69423B230A43BE00A73D8E /* UserDetailsController.swift in Sources */ = {isa = PBXBuildFile; fileRef = FE69423A230A43BE00A73D8E /* UserDetailsController.swift */; };
		FE69423D230A43E200A73D8E /* SwipingPhotosController.swift in Sources */ = {isa = PBXBuildFile; fileRef = FE69423C230A43E200A73D8E /* SwipingPhotosController.swift */; };
		FE69423F230A441900A73D8E /* LoginController.swift in Sources */ = {isa = PBXBuildFile; fileRef = FE69423E230A441900A73D8E /* LoginController.swift */; };
		FE694241230A443300A73D8E /* LoginViewModel.swift in Sources */ = {isa = PBXBuildFile; fileRef = FE694240230A443300A73D8E /* LoginViewModel.swift */; };
		FE694243230A449D00A73D8E /* Firebase+Utls.swift in Sources */ = {isa = PBXBuildFile; fileRef = FE694242230A449D00A73D8E /* Firebase+Utls.swift */; };
		FE70D57422EC3F7000619811 /* RegistrationController.swift in Sources */ = {isa = PBXBuildFile; fileRef = FE70D57322EC3F7000619811 /* RegistrationController.swift */; };
		FE70D57622EC470800619811 /* CustomTextField.swift in Sources */ = {isa = PBXBuildFile; fileRef = FE70D57522EC470800619811 /* CustomTextField.swift */; };
		FE8E5A4A22EBDA3500AE2027 /* Advertiser.swift in Sources */ = {isa = PBXBuildFile; fileRef = FE8E5A4922EBDA3500AE2027 /* Advertiser.swift */; };
		FE982A2D22F68519008FC9B0 /* RegistrationViewModel.swift in Sources */ = {isa = PBXBuildFile; fileRef = FE982A2C22F68519008FC9B0 /* RegistrationViewModel.swift */; };
		FE982A3122F6A85D008FC9B0 /* Bindable.swift in Sources */ = {isa = PBXBuildFile; fileRef = FE982A3022F6A85D008FC9B0 /* Bindable.swift */; };
/* End PBXBuildFile section */

/* Begin PBXFileReference section */
		7C7EFD1125D85D0200754881 /* GoogleService-Info.plist */ = {isa = PBXFileReference; fileEncoding = 4; lastKnownFileType = text.plist.xml; path = "GoogleService-Info.plist"; sourceTree = "<group>"; };
		7CF025FD25D838E900356303 /* SettingsModel.swift */ = {isa = PBXFileReference; lastKnownFileType = sourcecode.swift; path = SettingsModel.swift; sourceTree = "<group>"; };
		A2FC4B5FD2CFE72382AB89A1 /* Pods_LinkUp.framework */ = {isa = PBXFileReference; explicitFileType = wrapper.framework; includeInIndex = 0; path = Pods_LinkUp.framework; sourceTree = BUILT_PRODUCTS_DIR; };
		B9B5E8B0F4F2C713AF2511C6 /* Pods-LinkUp.debug.xcconfig */ = {isa = PBXFileReference; includeInIndex = 1; lastKnownFileType = text.xcconfig; name = "Pods-LinkUp.debug.xcconfig"; path = "Target Support Files/Pods-LinkUp/Pods-LinkUp.debug.xcconfig"; sourceTree = "<group>"; };
		E50F155754A9E140DEFEC1F0 /* Pods-LinkUp.release.xcconfig */ = {isa = PBXFileReference; includeInIndex = 1; lastKnownFileType = text.xcconfig; name = "Pods-LinkUp.release.xcconfig"; path = "Target Support Files/Pods-LinkUp/Pods-LinkUp.release.xcconfig"; sourceTree = "<group>"; };
		FE14C17B22EAF452001E6471 /* TopNavigationStackView.swift */ = {isa = PBXFileReference; lastKnownFileType = sourcecode.swift; path = TopNavigationStackView.swift; sourceTree = "<group>"; };
		FE14C17D22EAFB77001E6471 /* CardView.swift */ = {isa = PBXFileReference; lastKnownFileType = sourcecode.swift; path = CardView.swift; sourceTree = "<group>"; };
		FE14C18022EB18F4001E6471 /* User.swift */ = {isa = PBXFileReference; lastKnownFileType = sourcecode.swift; path = User.swift; sourceTree = "<group>"; };
		FE14C18322EB22E5001E6471 /* CardViewModel.swift */ = {isa = PBXFileReference; lastKnownFileType = sourcecode.swift; path = CardViewModel.swift; sourceTree = "<group>"; };
		FE27060722E991A300CA7225 /* LinkUp.app */ = {isa = PBXFileReference; explicitFileType = wrapper.application; includeInIndex = 0; path = LinkUp.app; sourceTree = BUILT_PRODUCTS_DIR; };
		FE27060A22E991A300CA7225 /* AppDelegate.swift */ = {isa = PBXFileReference; lastKnownFileType = sourcecode.swift; path = AppDelegate.swift; sourceTree = "<group>"; };
		FE27060C22E991A300CA7225 /* HomeController.swift */ = {isa = PBXFileReference; lastKnownFileType = sourcecode.swift; path = HomeController.swift; sourceTree = "<group>"; };
		FE27060F22E991A300CA7225 /* Base */ = {isa = PBXFileReference; lastKnownFileType = file.storyboard; name = Base; path = Base.lproj/Main.storyboard; sourceTree = "<group>"; };
		FE27061122E991A400CA7225 /* Assets.xcassets */ = {isa = PBXFileReference; lastKnownFileType = folder.assetcatalog; path = Assets.xcassets; sourceTree = "<group>"; };
		FE27061422E991A400CA7225 /* Base */ = {isa = PBXFileReference; lastKnownFileType = file.storyboard; name = Base; path = Base.lproj/LaunchScreen.storyboard; sourceTree = "<group>"; };
		FE27061622E991A400CA7225 /* Info.plist */ = {isa = PBXFileReference; lastKnownFileType = text.plist.xml; path = Info.plist; sourceTree = "<group>"; };
		FE27062022E9CC0D00CA7225 /* HomeBottomControlsStackView.swift */ = {isa = PBXFileReference; lastKnownFileType = sourcecode.swift; path = HomeBottomControlsStackView.swift; sourceTree = "<group>"; };
		FE5F5F6A230A9FEB0001E6A1 /* PhotoController.swift */ = {isa = PBXFileReference; lastKnownFileType = sourcecode.swift; path = PhotoController.swift; sourceTree = "<group>"; };
		FE5F5F6D230AA0480001E6A1 /* MatchesHorizontalController.swift */ = {isa = PBXFileReference; lastKnownFileType = sourcecode.swift; path = MatchesHorizontalController.swift; sourceTree = "<group>"; };
		FE5F5F6F230AA0680001E6A1 /* ChatLogController.swift */ = {isa = PBXFileReference; lastKnownFileType = sourcecode.swift; path = ChatLogController.swift; sourceTree = "<group>"; };
		FE5F5F71230AA07B0001E6A1 /* MatchesMessagesController.swift */ = {isa = PBXFileReference; lastKnownFileType = sourcecode.swift; path = MatchesMessagesController.swift; sourceTree = "<group>"; };
		FE5F5F74230AA0B80001E6A1 /* MessagesNavBar.swift */ = {isa = PBXFileReference; lastKnownFileType = sourcecode.swift; path = MessagesNavBar.swift; sourceTree = "<group>"; };
		FE5F5F76230AA0D00001E6A1 /* MessageCell.swift */ = {isa = PBXFileReference; lastKnownFileType = sourcecode.swift; path = MessageCell.swift; sourceTree = "<group>"; };
		FE5F5F78230AA0EE0001E6A1 /* CustomInputAcessoryView.swift */ = {isa = PBXFileReference; lastKnownFileType = sourcecode.swift; path = CustomInputAcessoryView.swift; sourceTree = "<group>"; };
		FE5F5F7A230AA1020001E6A1 /* MatchCell.swift */ = {isa = PBXFileReference; lastKnownFileType = sourcecode.swift; path = MatchCell.swift; sourceTree = "<group>"; };
		FE5F5F7C230AA1180001E6A1 /* MatchesNavBar.swift */ = {isa = PBXFileReference; lastKnownFileType = sourcecode.swift; path = MatchesNavBar.swift; sourceTree = "<group>"; };
		FE5F5F7E230AA12B0001E6A1 /* MatchesHeader.swift */ = {isa = PBXFileReference; lastKnownFileType = sourcecode.swift; path = MatchesHeader.swift; sourceTree = "<group>"; };
		FE5F5F80230AA14D0001E6A1 /* RecentMessageCell.swift */ = {isa = PBXFileReference; lastKnownFileType = sourcecode.swift; path = RecentMessageCell.swift; sourceTree = "<group>"; };
		FE5F5F82230AA1810001E6A1 /* RecentMessage.swift */ = {isa = PBXFileReference; lastKnownFileType = sourcecode.swift; path = RecentMessage.swift; sourceTree = "<group>"; };
		FE5F5F84230AA1910001E6A1 /* Message.swift */ = {isa = PBXFileReference; lastKnownFileType = sourcecode.swift; path = Message.swift; sourceTree = "<group>"; };
		FE5F5F86230AA1A90001E6A1 /* Match.swift */ = {isa = PBXFileReference; lastKnownFileType = sourcecode.swift; path = Match.swift; sourceTree = "<group>"; };
		FE5F5F88230AA3910001E6A1 /* MatchView.swift */ = {isa = PBXFileReference; lastKnownFileType = sourcecode.swift; path = MatchView.swift; sourceTree = "<group>"; };
		FE5F5F8A230AA3AB0001E6A1 /* SendMessageButton.swift */ = {isa = PBXFileReference; lastKnownFileType = sourcecode.swift; path = SendMessageButton.swift; sourceTree = "<group>"; };
		FE5F5F8C230AA3D70001E6A1 /* KeepSwipingButton.swift */ = {isa = PBXFileReference; lastKnownFileType = sourcecode.swift; path = KeepSwipingButton.swift; sourceTree = "<group>"; };
		FE64CF1522FAA92900072CF7 /* SettingsController.swift */ = {isa = PBXFileReference; lastKnownFileType = sourcecode.swift; path = SettingsController.swift; sourceTree = "<group>"; };
		FE694234230A17B400A73D8E /* SettingsCell.swift */ = {isa = PBXFileReference; lastKnownFileType = sourcecode.swift; path = SettingsCell.swift; sourceTree = "<group>"; };
		FE694236230A2A2100A73D8E /* AgeRangeCell.swift */ = {isa = PBXFileReference; lastKnownFileType = sourcecode.swift; path = AgeRangeCell.swift; sourceTree = "<group>"; };
		FE69423A230A43BE00A73D8E /* UserDetailsController.swift */ = {isa = PBXFileReference; lastKnownFileType = sourcecode.swift; path = UserDetailsController.swift; sourceTree = "<group>"; };
		FE69423C230A43E200A73D8E /* SwipingPhotosController.swift */ = {isa = PBXFileReference; lastKnownFileType = sourcecode.swift; path = SwipingPhotosController.swift; sourceTree = "<group>"; };
		FE69423E230A441900A73D8E /* LoginController.swift */ = {isa = PBXFileReference; lastKnownFileType = sourcecode.swift; path = LoginController.swift; sourceTree = "<group>"; };
		FE694240230A443300A73D8E /* LoginViewModel.swift */ = {isa = PBXFileReference; lastKnownFileType = sourcecode.swift; path = LoginViewModel.swift; sourceTree = "<group>"; };
		FE694242230A449D00A73D8E /* Firebase+Utls.swift */ = {isa = PBXFileReference; lastKnownFileType = sourcecode.swift; path = "Firebase+Utls.swift"; sourceTree = "<group>"; };
		FE70D57322EC3F7000619811 /* RegistrationController.swift */ = {isa = PBXFileReference; lastKnownFileType = sourcecode.swift; path = RegistrationController.swift; sourceTree = "<group>"; };
		FE70D57522EC470800619811 /* CustomTextField.swift */ = {isa = PBXFileReference; lastKnownFileType = sourcecode.swift; path = CustomTextField.swift; sourceTree = "<group>"; };
		FE8E5A4922EBDA3500AE2027 /* Advertiser.swift */ = {isa = PBXFileReference; lastKnownFileType = sourcecode.swift; path = Advertiser.swift; sourceTree = "<group>"; };
		FE982A2C22F68519008FC9B0 /* RegistrationViewModel.swift */ = {isa = PBXFileReference; lastKnownFileType = sourcecode.swift; path = RegistrationViewModel.swift; sourceTree = "<group>"; };
		FE982A3022F6A85D008FC9B0 /* Bindable.swift */ = {isa = PBXFileReference; lastKnownFileType = sourcecode.swift; path = Bindable.swift; sourceTree = "<group>"; };
/* End PBXFileReference section */

/* Begin PBXFrameworksBuildPhase section */
		FE27060422E991A300CA7225 /* Frameworks */ = {
			isa = PBXFrameworksBuildPhase;
			buildActionMask = 2147483647;
			files = (
				F41E4D788D4DE3738E990BBA /* Pods_LinkUp.framework in Frameworks */,
			);
			runOnlyForDeploymentPostprocessing = 0;
		};
/* End PBXFrameworksBuildPhase section */

/* Begin PBXGroup section */
		10F585A7C281CE6910D388AD /* Pods */ = {
			isa = PBXGroup;
			children = (
				B9B5E8B0F4F2C713AF2511C6 /* Pods-LinkUp.debug.xcconfig */,
				E50F155754A9E140DEFEC1F0 /* Pods-LinkUp.release.xcconfig */,
			);
			path = Pods;
			sourceTree = "<group>";
		};
		7CF025F625D8388200356303 /* Settings */ = {
			isa = PBXGroup;
			children = (
				FE64CF1522FAA92900072CF7 /* SettingsController.swift */,
				FE694234230A17B400A73D8E /* SettingsCell.swift */,
				7CF025FD25D838E900356303 /* SettingsModel.swift */,
			);
			path = Settings;
			sourceTree = "<group>";
		};
		A8F9DBE85B345A4EE7CA9C76 /* Frameworks */ = {
			isa = PBXGroup;
			children = (
				A2FC4B5FD2CFE72382AB89A1 /* Pods_LinkUp.framework */,
			);
			name = Frameworks;
			sourceTree = "<group>";
		};
		FE14C17F22EB18E6001E6471 /* Model */ = {
			isa = PBXGroup;
			children = (
				FE14C18022EB18F4001E6471 /* User.swift */,
				FE8E5A4922EBDA3500AE2027 /* Advertiser.swift */,
				FE5F5F82230AA1810001E6A1 /* RecentMessage.swift */,
				FE5F5F84230AA1910001E6A1 /* Message.swift */,
				FE5F5F86230AA1A90001E6A1 /* Match.swift */,
			);
			path = Model;
			sourceTree = "<group>";
		};
		FE14C18222EB22B3001E6471 /* ViewModels */ = {
			isa = PBXGroup;
			children = (
				FE14C18322EB22E5001E6471 /* CardViewModel.swift */,
			);
			path = ViewModels;
			sourceTree = "<group>";
		};
		FE14C18522EB22E9001E6471 /* Controller */ = {
			isa = PBXGroup;
			children = (
				7CF025F625D8388200356303 /* Settings */,
				FE5F5F6C230AA0270001E6A1 /* MatchedMessages */,
				FE694239230A427800A73D8E /* User Details */,
				FE694238230A426C00A73D8E /* Login */,
				FE27060C22E991A300CA7225 /* HomeController.swift */,
				FE70D57322EC3F7000619811 /* RegistrationController.swift */,
				FE982A2C22F68519008FC9B0 /* RegistrationViewModel.swift */,
				FE982A3022F6A85D008FC9B0 /* Bindable.swift */,
			);
			path = Controller;
			sourceTree = "<group>";
		};
		FE2705FE22E991A300CA7225 = {
			isa = PBXGroup;
			children = (
				FE27060922E991A300CA7225 /* LinkUp */,
				FE27060822E991A300CA7225 /* Products */,
				10F585A7C281CE6910D388AD /* Pods */,
				A8F9DBE85B345A4EE7CA9C76 /* Frameworks */,
			);
			sourceTree = "<group>";
		};
		FE27060822E991A300CA7225 /* Products */ = {
			isa = PBXGroup;
			children = (
				FE27060722E991A300CA7225 /* LinkUp.app */,
			);
			name = Products;
			sourceTree = "<group>";
		};
		FE27060922E991A300CA7225 /* LinkUp */ = {
			isa = PBXGroup;
			children = (
				FE14C17F22EB18E6001E6471 /* Model */,
				FE27061F22E9CBE500CA7225 /* Views */,
				FE14C18522EB22E9001E6471 /* Controller */,
				FE14C18222EB22B3001E6471 /* ViewModels */,
				FE27061C22E9939700CA7225 /* Extensions */,
				FE27060A22E991A300CA7225 /* AppDelegate.swift */,
				FE27060E22E991A300CA7225 /* Main.storyboard */,
				FE27061122E991A400CA7225 /* Assets.xcassets */,
				FE27061322E991A400CA7225 /* LaunchScreen.storyboard */,
				FE27061622E991A400CA7225 /* Info.plist */,
				7C7EFD1125D85D0200754881 /* GoogleService-Info.plist */,
			);
			path = LinkUp;
			sourceTree = "<group>";
		};
		FE27061C22E9939700CA7225 /* Extensions */ = {
			isa = PBXGroup;
			children = (
				FE694242230A449D00A73D8E /* Firebase+Utls.swift */,
			);
			path = Extensions;
			sourceTree = "<group>";
		};
		FE27061F22E9CBE500CA7225 /* Views */ = {
			isa = PBXGroup;
			children = (
				FE5F5F73230AA09A0001E6A1 /* MatchedMessages */,
				FE27062022E9CC0D00CA7225 /* HomeBottomControlsStackView.swift */,
				FE14C17B22EAF452001E6471 /* TopNavigationStackView.swift */,
				FE14C17D22EAFB77001E6471 /* CardView.swift */,
				FE70D57522EC470800619811 /* CustomTextField.swift */,
				FE694236230A2A2100A73D8E /* AgeRangeCell.swift */,
				FE5F5F88230AA3910001E6A1 /* MatchView.swift */,
				FE5F5F8A230AA3AB0001E6A1 /* SendMessageButton.swift */,
				FE5F5F8C230AA3D70001E6A1 /* KeepSwipingButton.swift */,
			);
			path = Views;
			sourceTree = "<group>";
		};
		FE5F5F6C230AA0270001E6A1 /* MatchedMessages */ = {
			isa = PBXGroup;
			children = (
				FE5F5F6D230AA0480001E6A1 /* MatchesHorizontalController.swift */,
				FE5F5F6F230AA0680001E6A1 /* ChatLogController.swift */,
				FE5F5F71230AA07B0001E6A1 /* MatchesMessagesController.swift */,
			);
			path = MatchedMessages;
			sourceTree = "<group>";
		};
		FE5F5F73230AA09A0001E6A1 /* MatchedMessages */ = {
			isa = PBXGroup;
			children = (
				FE5F5F74230AA0B80001E6A1 /* MessagesNavBar.swift */,
				FE5F5F76230AA0D00001E6A1 /* MessageCell.swift */,
				FE5F5F78230AA0EE0001E6A1 /* CustomInputAcessoryView.swift */,
				FE5F5F7A230AA1020001E6A1 /* MatchCell.swift */,
				FE5F5F7C230AA1180001E6A1 /* MatchesNavBar.swift */,
				FE5F5F7E230AA12B0001E6A1 /* MatchesHeader.swift */,
				FE5F5F80230AA14D0001E6A1 /* RecentMessageCell.swift */,
			);
			path = MatchedMessages;
			sourceTree = "<group>";
		};
		FE694238230A426C00A73D8E /* Login */ = {
			isa = PBXGroup;
			children = (
				FE69423E230A441900A73D8E /* LoginController.swift */,
				FE694240230A443300A73D8E /* LoginViewModel.swift */,
			);
			path = Login;
			sourceTree = "<group>";
		};
		FE694239230A427800A73D8E /* User Details */ = {
			isa = PBXGroup;
			children = (
				FE69423A230A43BE00A73D8E /* UserDetailsController.swift */,
				FE69423C230A43E200A73D8E /* SwipingPhotosController.swift */,
				FE5F5F6A230A9FEB0001E6A1 /* PhotoController.swift */,
			);
			path = "User Details";
			sourceTree = "<group>";
		};
/* End PBXGroup section */

/* Begin PBXNativeTarget section */
		FE27060622E991A300CA7225 /* LinkUp */ = {
			isa = PBXNativeTarget;
			buildConfigurationList = FE27061922E991A400CA7225 /* Build configuration list for PBXNativeTarget "LinkUp" */;
			buildPhases = (
				CB89CAC876FB50E2E4D124CC /* [CP] Check Pods Manifest.lock */,
				FE27060322E991A300CA7225 /* Sources */,
				FE27060422E991A300CA7225 /* Frameworks */,
				FE27060522E991A300CA7225 /* Resources */,
				82991EBCABF99654FED47456 /* [CP] Embed Pods Frameworks */,
			);
			buildRules = (
			);
			dependencies = (
			);
			name = LinkUp;
			productName = "tinder-clone";
			productReference = FE27060722E991A300CA7225 /* LinkUp.app */;
			productType = "com.apple.product-type.application";
		};
/* End PBXNativeTarget section */

/* Begin PBXProject section */
		FE2705FF22E991A300CA7225 /* Project object */ = {
			isa = PBXProject;
			attributes = {
				LastSwiftUpdateCheck = 1020;
				LastUpgradeCheck = 1020;
				ORGANIZATIONNAME = "Emily and Kira";
				TargetAttributes = {
					FE27060622E991A300CA7225 = {
						CreatedOnToolsVersion = 10.2.1;
						LastSwiftMigration = 1160;
					};
				};
			};
			buildConfigurationList = FE27060222E991A300CA7225 /* Build configuration list for PBXProject "LinkUp" */;
			compatibilityVersion = "Xcode 9.3";
			developmentRegion = en;
			hasScannedForEncodings = 0;
			knownRegions = (
				en,
				Base,
			);
			mainGroup = FE2705FE22E991A300CA7225;
			productRefGroup = FE27060822E991A300CA7225 /* Products */;
			projectDirPath = "";
			projectRoot = "";
			targets = (
				FE27060622E991A300CA7225 /* LinkUp */,
			);
		};
/* End PBXProject section */

/* Begin PBXResourcesBuildPhase section */
		FE27060522E991A300CA7225 /* Resources */ = {
			isa = PBXResourcesBuildPhase;
			buildActionMask = 2147483647;
			files = (
				FE27061522E991A400CA7225 /* LaunchScreen.storyboard in Resources */,
				7C7EFD1225D85D0200754881 /* GoogleService-Info.plist in Resources */,
				FE27061222E991A400CA7225 /* Assets.xcassets in Resources */,
				FE27061022E991A300CA7225 /* Main.storyboard in Resources */,
			);
			runOnlyForDeploymentPostprocessing = 0;
		};
/* End PBXResourcesBuildPhase section */

/* Begin PBXShellScriptBuildPhase section */
		82991EBCABF99654FED47456 /* [CP] Embed Pods Frameworks */ = {
			isa = PBXShellScriptBuildPhase;
			buildActionMask = 2147483647;
			files = (
			);
			inputFileListPaths = (
				"${PODS_ROOT}/Target Support Files/Pods-LinkUp/Pods-LinkUp-frameworks-${CONFIGURATION}-input-files.xcfilelist",
			);
			name = "[CP] Embed Pods Frameworks";
			outputFileListPaths = (
				"${PODS_ROOT}/Target Support Files/Pods-LinkUp/Pods-LinkUp-frameworks-${CONFIGURATION}-output-files.xcfilelist",
			);
			runOnlyForDeploymentPostprocessing = 0;
			shellPath = /bin/sh;
			shellScript = "\"${PODS_ROOT}/Target Support Files/Pods-LinkUp/Pods-LinkUp-frameworks.sh\"\n";
			showEnvVarsInLog = 0;
		};
		CB89CAC876FB50E2E4D124CC /* [CP] Check Pods Manifest.lock */ = {
			isa = PBXShellScriptBuildPhase;
			buildActionMask = 2147483647;
			files = (
			);
			inputFileListPaths = (
			);
			inputPaths = (
				"${PODS_PODFILE_DIR_PATH}/Podfile.lock",
				"${PODS_ROOT}/Manifest.lock",
			);
			name = "[CP] Check Pods Manifest.lock";
			outputFileListPaths = (
			);
			outputPaths = (
				"$(DERIVED_FILE_DIR)/Pods-LinkUp-checkManifestLockResult.txt",
			);
			runOnlyForDeploymentPostprocessing = 0;
			shellPath = /bin/sh;
			shellScript = "diff \"${PODS_PODFILE_DIR_PATH}/Podfile.lock\" \"${PODS_ROOT}/Manifest.lock\" > /dev/null\nif [ $? != 0 ] ; then\n    # print error to STDERR\n    echo \"error: The sandbox is not in sync with the Podfile.lock. Run 'pod install' or update your CocoaPods installation.\" >&2\n    exit 1\nfi\n# This output is used by Xcode 'outputs' to avoid re-running this script phase.\necho \"SUCCESS\" > \"${SCRIPT_OUTPUT_FILE_0}\"\n";
			showEnvVarsInLog = 0;
		};
/* End PBXShellScriptBuildPhase section */

/* Begin PBXSourcesBuildPhase section */
		FE27060322E991A300CA7225 /* Sources */ = {
			isa = PBXSourcesBuildPhase;
			buildActionMask = 2147483647;
			files = (
				FE5F5F70230AA0680001E6A1 /* ChatLogController.swift in Sources */,
				FE69423F230A441900A73D8E /* LoginController.swift in Sources */,
				FE982A3122F6A85D008FC9B0 /* Bindable.swift in Sources */,
				FE5F5F85230AA1910001E6A1 /* Message.swift in Sources */,
				FE27060D22E991A300CA7225 /* HomeController.swift in Sources */,
				FE982A2D22F68519008FC9B0 /* RegistrationViewModel.swift in Sources */,
				FE5F5F72230AA07B0001E6A1 /* MatchesMessagesController.swift in Sources */,
				FE70D57622EC470800619811 /* CustomTextField.swift in Sources */,
				FE5F5F8D230AA3D70001E6A1 /* KeepSwipingButton.swift in Sources */,
				FE5F5F7F230AA12B0001E6A1 /* MatchesHeader.swift in Sources */,
				FE5F5F83230AA1810001E6A1 /* RecentMessage.swift in Sources */,
				FE5F5F75230AA0B80001E6A1 /* MessagesNavBar.swift in Sources */,
				FE27062122E9CC0D00CA7225 /* HomeBottomControlsStackView.swift in Sources */,
				FE8E5A4A22EBDA3500AE2027 /* Advertiser.swift in Sources */,
				FE5F5F87230AA1A90001E6A1 /* Match.swift in Sources */,
				FE27060B22E991A300CA7225 /* AppDelegate.swift in Sources */,
				FE5F5F7D230AA1180001E6A1 /* MatchesNavBar.swift in Sources */,
				FE694241230A443300A73D8E /* LoginViewModel.swift in Sources */,
				FE694237230A2A2100A73D8E /* AgeRangeCell.swift in Sources */,
				FE5F5F7B230AA1020001E6A1 /* MatchCell.swift in Sources */,
				7CF025FE25D838E900356303 /* SettingsModel.swift in Sources */,
				FE694243230A449D00A73D8E /* Firebase+Utls.swift in Sources */,
				FE14C18422EB22E5001E6471 /* CardViewModel.swift in Sources */,
				FE5F5F89230AA3910001E6A1 /* MatchView.swift in Sources */,
				FE14C17E22EAFB77001E6471 /* CardView.swift in Sources */,
				FE64CF1622FAA92900072CF7 /* SettingsController.swift in Sources */,
				FE14C17C22EAF452001E6471 /* TopNavigationStackView.swift in Sources */,
				FE5F5F8B230AA3AB0001E6A1 /* SendMessageButton.swift in Sources */,
				FE5F5F6B230A9FEB0001E6A1 /* PhotoController.swift in Sources */,
				FE70D57422EC3F7000619811 /* RegistrationController.swift in Sources */,
				FE5F5F81230AA14D0001E6A1 /* RecentMessageCell.swift in Sources */,
				FE69423D230A43E200A73D8E /* SwipingPhotosController.swift in Sources */,
				FE14C18122EB18F4001E6471 /* User.swift in Sources */,
				FE5F5F79230AA0EE0001E6A1 /* CustomInputAcessoryView.swift in Sources */,
				FE69423B230A43BE00A73D8E /* UserDetailsController.swift in Sources */,
				FE694235230A17B400A73D8E /* SettingsCell.swift in Sources */,
				FE5F5F6E230AA0480001E6A1 /* MatchesHorizontalController.swift in Sources */,
				FE5F5F77230AA0D00001E6A1 /* MessageCell.swift in Sources */,
			);
			runOnlyForDeploymentPostprocessing = 0;
		};
/* End PBXSourcesBuildPhase section */

/* Begin PBXVariantGroup section */
		FE27060E22E991A300CA7225 /* Main.storyboard */ = {
			isa = PBXVariantGroup;
			children = (
				FE27060F22E991A300CA7225 /* Base */,
			);
			name = Main.storyboard;
			sourceTree = "<group>";
		};
		FE27061322E991A400CA7225 /* LaunchScreen.storyboard */ = {
			isa = PBXVariantGroup;
			children = (
				FE27061422E991A400CA7225 /* Base */,
			);
			name = LaunchScreen.storyboard;
			sourceTree = "<group>";
		};
/* End PBXVariantGroup section */

/* Begin XCBuildConfiguration section */
		FE27061722E991A400CA7225 /* Debug */ = {
			isa = XCBuildConfiguration;
			buildSettings = {
				ALWAYS_SEARCH_USER_PATHS = NO;
				CLANG_ANALYZER_NONNULL = YES;
				CLANG_ANALYZER_NUMBER_OBJECT_CONVERSION = YES_AGGRESSIVE;
				CLANG_CXX_LANGUAGE_STANDARD = "gnu++14";
				CLANG_CXX_LIBRARY = "libc++";
				CLANG_ENABLE_MODULES = YES;
				CLANG_ENABLE_OBJC_ARC = YES;
				CLANG_ENABLE_OBJC_WEAK = YES;
				CLANG_WARN_BLOCK_CAPTURE_AUTORELEASING = YES;
				CLANG_WARN_BOOL_CONVERSION = YES;
				CLANG_WARN_COMMA = YES;
				CLANG_WARN_CONSTANT_CONVERSION = YES;
				CLANG_WARN_DEPRECATED_OBJC_IMPLEMENTATIONS = YES;
				CLANG_WARN_DIRECT_OBJC_ISA_USAGE = YES_ERROR;
				CLANG_WARN_DOCUMENTATION_COMMENTS = YES;
				CLANG_WARN_EMPTY_BODY = YES;
				CLANG_WARN_ENUM_CONVERSION = YES;
				CLANG_WARN_INFINITE_RECURSION = YES;
				CLANG_WARN_INT_CONVERSION = YES;
				CLANG_WARN_NON_LITERAL_NULL_CONVERSION = YES;
				CLANG_WARN_OBJC_IMPLICIT_RETAIN_SELF = YES;
				CLANG_WARN_OBJC_LITERAL_CONVERSION = YES;
				CLANG_WARN_OBJC_ROOT_CLASS = YES_ERROR;
				CLANG_WARN_RANGE_LOOP_ANALYSIS = YES;
				CLANG_WARN_STRICT_PROTOTYPES = YES;
				CLANG_WARN_SUSPICIOUS_MOVE = YES;
				CLANG_WARN_UNGUARDED_AVAILABILITY = YES_AGGRESSIVE;
				CLANG_WARN_UNREACHABLE_CODE = YES;
				CLANG_WARN__DUPLICATE_METHOD_MATCH = YES;
				CODE_SIGN_IDENTITY = "iPhone Developer";
				COPY_PHASE_STRIP = NO;
				DEBUG_INFORMATION_FORMAT = dwarf;
				ENABLE_STRICT_OBJC_MSGSEND = YES;
				ENABLE_TESTABILITY = YES;
				GCC_C_LANGUAGE_STANDARD = gnu11;
				GCC_DYNAMIC_NO_PIC = NO;
				GCC_NO_COMMON_BLOCKS = YES;
				GCC_OPTIMIZATION_LEVEL = 0;
				GCC_PREPROCESSOR_DEFINITIONS = (
					"DEBUG=1",
					"$(inherited)",
				);
				GCC_WARN_64_TO_32_BIT_CONVERSION = YES;
				GCC_WARN_ABOUT_RETURN_TYPE = YES_ERROR;
				GCC_WARN_UNDECLARED_SELECTOR = YES;
				GCC_WARN_UNINITIALIZED_AUTOS = YES_AGGRESSIVE;
				GCC_WARN_UNUSED_FUNCTION = YES;
				GCC_WARN_UNUSED_VARIABLE = YES;
				IPHONEOS_DEPLOYMENT_TARGET = 12.2;
				MTL_ENABLE_DEBUG_INFO = INCLUDE_SOURCE;
				MTL_FAST_MATH = YES;
				ONLY_ACTIVE_ARCH = YES;
				SDKROOT = iphoneos;
				SWIFT_ACTIVE_COMPILATION_CONDITIONS = DEBUG;
				SWIFT_OPTIMIZATION_LEVEL = "-Onone";
			};
			name = Debug;
		};
		FE27061822E991A400CA7225 /* Release */ = {
			isa = XCBuildConfiguration;
			buildSettings = {
				ALWAYS_SEARCH_USER_PATHS = NO;
				CLANG_ANALYZER_NONNULL = YES;
				CLANG_ANALYZER_NUMBER_OBJECT_CONVERSION = YES_AGGRESSIVE;
				CLANG_CXX_LANGUAGE_STANDARD = "gnu++14";
				CLANG_CXX_LIBRARY = "libc++";
				CLANG_ENABLE_MODULES = YES;
				CLANG_ENABLE_OBJC_ARC = YES;
				CLANG_ENABLE_OBJC_WEAK = YES;
				CLANG_WARN_BLOCK_CAPTURE_AUTORELEASING = YES;
				CLANG_WARN_BOOL_CONVERSION = YES;
				CLANG_WARN_COMMA = YES;
				CLANG_WARN_CONSTANT_CONVERSION = YES;
				CLANG_WARN_DEPRECATED_OBJC_IMPLEMENTATIONS = YES;
				CLANG_WARN_DIRECT_OBJC_ISA_USAGE = YES_ERROR;
				CLANG_WARN_DOCUMENTATION_COMMENTS = YES;
				CLANG_WARN_EMPTY_BODY = YES;
				CLANG_WARN_ENUM_CONVERSION = YES;
				CLANG_WARN_INFINITE_RECURSION = YES;
				CLANG_WARN_INT_CONVERSION = YES;
				CLANG_WARN_NON_LITERAL_NULL_CONVERSION = YES;
				CLANG_WARN_OBJC_IMPLICIT_RETAIN_SELF = YES;
				CLANG_WARN_OBJC_LITERAL_CONVERSION = YES;
				CLANG_WARN_OBJC_ROOT_CLASS = YES_ERROR;
				CLANG_WARN_RANGE_LOOP_ANALYSIS = YES;
				CLANG_WARN_STRICT_PROTOTYPES = YES;
				CLANG_WARN_SUSPICIOUS_MOVE = YES;
				CLANG_WARN_UNGUARDED_AVAILABILITY = YES_AGGRESSIVE;
				CLANG_WARN_UNREACHABLE_CODE = YES;
				CLANG_WARN__DUPLICATE_METHOD_MATCH = YES;
				CODE_SIGN_IDENTITY = "iPhone Developer";
				COPY_PHASE_STRIP = NO;
				DEBUG_INFORMATION_FORMAT = "dwarf-with-dsym";
				ENABLE_NS_ASSERTIONS = NO;
				ENABLE_STRICT_OBJC_MSGSEND = YES;
				GCC_C_LANGUAGE_STANDARD = gnu11;
				GCC_NO_COMMON_BLOCKS = YES;
				GCC_WARN_64_TO_32_BIT_CONVERSION = YES;
				GCC_WARN_ABOUT_RETURN_TYPE = YES_ERROR;
				GCC_WARN_UNDECLARED_SELECTOR = YES;
				GCC_WARN_UNINITIALIZED_AUTOS = YES_AGGRESSIVE;
				GCC_WARN_UNUSED_FUNCTION = YES;
				GCC_WARN_UNUSED_VARIABLE = YES;
				IPHONEOS_DEPLOYMENT_TARGET = 12.2;
				MTL_ENABLE_DEBUG_INFO = NO;
				MTL_FAST_MATH = YES;
				SDKROOT = iphoneos;
				SWIFT_COMPILATION_MODE = wholemodule;
				SWIFT_OPTIMIZATION_LEVEL = "-O";
				VALIDATE_PRODUCT = YES;
			};
			name = Release;
		};
		FE27061A22E991A400CA7225 /* Debug */ = {
			isa = XCBuildConfiguration;
			baseConfigurationReference = B9B5E8B0F4F2C713AF2511C6 /* Pods-LinkUp.debug.xcconfig */;
			buildSettings = {
				ASSETCATALOG_COMPILER_APPICON_NAME = AppIcon;
				CODE_SIGN_IDENTITY = "Apple Development";
				CODE_SIGN_STYLE = Automatic;
				DEVELOPMENT_TEAM = 2Q5W6V9Y83;
				EXCLUDED_ARCHS = "";
				INFOPLIST_FILE = LinkUp/Info.plist;
				IPHONEOS_DEPLOYMENT_TARGET = 12.1;
				LD_RUNPATH_SEARCH_PATHS = (
					"$(inherited)",
					"@executable_path/Frameworks",
				);
<<<<<<< HEAD
				PRODUCT_BUNDLE_IDENTIFIER = "LinkUp-TreeHacks2";
=======
				PRODUCT_BUNDLE_IDENTIFIER = "LinkUp-TreeHacks";
>>>>>>> 77f28fc1b03cfb3fd43a2d1a70ae3aa8e10b91c8
				PRODUCT_NAME = "$(TARGET_NAME)";
				PROVISIONING_PROFILE_SPECIFIER = "";
				SWIFT_VERSION = 5.0;
				TARGETED_DEVICE_FAMILY = "1,2";
			};
			name = Debug;
		};
		FE27061B22E991A400CA7225 /* Release */ = {
			isa = XCBuildConfiguration;
			baseConfigurationReference = E50F155754A9E140DEFEC1F0 /* Pods-LinkUp.release.xcconfig */;
			buildSettings = {
				ASSETCATALOG_COMPILER_APPICON_NAME = AppIcon;
				CODE_SIGN_IDENTITY = "Apple Development";
				CODE_SIGN_STYLE = Automatic;
				DEVELOPMENT_TEAM = 2Q5W6V9Y83;
				EXCLUDED_ARCHS = "";
				INFOPLIST_FILE = LinkUp/Info.plist;
				IPHONEOS_DEPLOYMENT_TARGET = 12.1;
				LD_RUNPATH_SEARCH_PATHS = (
					"$(inherited)",
					"@executable_path/Frameworks",
				);
				ONLY_ACTIVE_ARCH = YES;
<<<<<<< HEAD
				PRODUCT_BUNDLE_IDENTIFIER = "LinkUp-TreeHacks2";
=======
				PRODUCT_BUNDLE_IDENTIFIER = "LinkUp-TreeHacks";
>>>>>>> 77f28fc1b03cfb3fd43a2d1a70ae3aa8e10b91c8
				PRODUCT_NAME = "$(TARGET_NAME)";
				PROVISIONING_PROFILE_SPECIFIER = "";
				SWIFT_VERSION = 5.0;
				TARGETED_DEVICE_FAMILY = "1,2";
			};
			name = Release;
		};
/* End XCBuildConfiguration section */

/* Begin XCConfigurationList section */
		FE27060222E991A300CA7225 /* Build configuration list for PBXProject "LinkUp" */ = {
			isa = XCConfigurationList;
			buildConfigurations = (
				FE27061722E991A400CA7225 /* Debug */,
				FE27061822E991A400CA7225 /* Release */,
			);
			defaultConfigurationIsVisible = 0;
			defaultConfigurationName = Debug;
		};
		FE27061922E991A400CA7225 /* Build configuration list for PBXNativeTarget "LinkUp" */ = {
			isa = XCConfigurationList;
			buildConfigurations = (
				FE27061A22E991A400CA7225 /* Debug */,
				FE27061B22E991A400CA7225 /* Release */,
			);
			defaultConfigurationIsVisible = 0;
			defaultConfigurationName = Debug;
		};
/* End XCConfigurationList section */
	};
	rootObject = FE2705FF22E991A300CA7225 /* Project object */;
}
