// !$*UTF8*$!
{
	archiveVersion = 1;
	classes = {
	};
	objectVersion = 50;
	objects = {

/* Begin PBXBuildFile section */
		FE14C17C22EAF452001E6471 /* TopNavigationStackView.swift in Sources */ = {isa = PBXBuildFile; fileRef = FE14C17B22EAF452001E6471 /* TopNavigationStackView.swift */; };
		FE14C17E22EAFB77001E6471 /* CardView.swift in Sources */ = {isa = PBXBuildFile; fileRef = FE14C17D22EAFB77001E6471 /* CardView.swift */; };
		FE14C18122EB18F4001E6471 /* User.swift in Sources */ = {isa = PBXBuildFile; fileRef = FE14C18022EB18F4001E6471 /* User.swift */; };
		FE27060B22E991A300CA7225 /* AppDelegate.swift in Sources */ = {isa = PBXBuildFile; fileRef = FE27060A22E991A300CA7225 /* AppDelegate.swift */; };
		FE27060D22E991A300CA7225 /* HomeController.swift in Sources */ = {isa = PBXBuildFile; fileRef = FE27060C22E991A300CA7225 /* HomeController.swift */; };
		FE27061022E991A300CA7225 /* Main.storyboard in Resources */ = {isa = PBXBuildFile; fileRef = FE27060E22E991A300CA7225 /* Main.storyboard */; };
		FE27061222E991A400CA7225 /* Assets.xcassets in Resources */ = {isa = PBXBuildFile; fileRef = FE27061122E991A400CA7225 /* Assets.xcassets */; };
		FE27061522E991A400CA7225 /* LaunchScreen.storyboard in Resources */ = {isa = PBXBuildFile; fileRef = FE27061322E991A400CA7225 /* LaunchScreen.storyboard */; };
		FE27061E22E993C600CA7225 /* Extensions+UIView.swift in Sources */ = {isa = PBXBuildFile; fileRef = FE27061D22E993C600CA7225 /* Extensions+UIView.swift */; };
		FE27062122E9CC0D00CA7225 /* HomeBottomControlsStackView.swift in Sources */ = {isa = PBXBuildFile; fileRef = FE27062022E9CC0D00CA7225 /* HomeBottomControlsStackView.swift */; };
/* End PBXBuildFile section */

/* Begin PBXFileReference section */
		FE14C17B22EAF452001E6471 /* TopNavigationStackView.swift */ = {isa = PBXFileReference; lastKnownFileType = sourcecode.swift; path = TopNavigationStackView.swift; sourceTree = "<group>"; };
		FE14C17D22EAFB77001E6471 /* CardView.swift */ = {isa = PBXFileReference; lastKnownFileType = sourcecode.swift; path = CardView.swift; sourceTree = "<group>"; };
		FE14C18022EB18F4001E6471 /* User.swift */ = {isa = PBXFileReference; lastKnownFileType = sourcecode.swift; path = User.swift; sourceTree = "<group>"; };
		FE27060722E991A300CA7225 /* tinder-clone.app */ = {isa = PBXFileReference; explicitFileType = wrapper.application; includeInIndex = 0; path = "tinder-clone.app"; sourceTree = BUILT_PRODUCTS_DIR; };
		FE27060A22E991A300CA7225 /* AppDelegate.swift */ = {isa = PBXFileReference; lastKnownFileType = sourcecode.swift; path = AppDelegate.swift; sourceTree = "<group>"; };
		FE27060C22E991A300CA7225 /* HomeController.swift */ = {isa = PBXFileReference; lastKnownFileType = sourcecode.swift; path = HomeController.swift; sourceTree = "<group>"; };
		FE27060F22E991A300CA7225 /* Base */ = {isa = PBXFileReference; lastKnownFileType = file.storyboard; name = Base; path = Base.lproj/Main.storyboard; sourceTree = "<group>"; };
		FE27061122E991A400CA7225 /* Assets.xcassets */ = {isa = PBXFileReference; lastKnownFileType = folder.assetcatalog; path = Assets.xcassets; sourceTree = "<group>"; };
		FE27061422E991A400CA7225 /* Base */ = {isa = PBXFileReference; lastKnownFileType = file.storyboard; name = Base; path = Base.lproj/LaunchScreen.storyboard; sourceTree = "<group>"; };
		FE27061622E991A400CA7225 /* Info.plist */ = {isa = PBXFileReference; lastKnownFileType = text.plist.xml; path = Info.plist; sourceTree = "<group>"; };
		FE27061D22E993C600CA7225 /* Extensions+UIView.swift */ = {isa = PBXFileReference; lastKnownFileType = sourcecode.swift; path = "Extensions+UIView.swift"; sourceTree = "<group>"; };
		FE27062022E9CC0D00CA7225 /* HomeBottomControlsStackView.swift */ = {isa = PBXFileReference; lastKnownFileType = sourcecode.swift; path = HomeBottomControlsStackView.swift; sourceTree = "<group>"; };
/* End PBXFileReference section */

/* Begin PBXFrameworksBuildPhase section */
		FE27060422E991A300CA7225 /* Frameworks */ = {
			isa = PBXFrameworksBuildPhase;
			buildActionMask = 2147483647;
			files = (
			);
			runOnlyForDeploymentPostprocessing = 0;
		};
/* End PBXFrameworksBuildPhase section */

/* Begin PBXGroup section */
		FE14C17F22EB18E6001E6471 /* Model */ = {
			isa = PBXGroup;
			children = (
				FE14C18022EB18F4001E6471 /* User.swift */,
			);
			path = Model;
			sourceTree = "<group>";
		};
		FE2705FE22E991A300CA7225 = {
			isa = PBXGroup;
			children = (
				FE27060922E991A300CA7225 /* tinder-clone */,
				FE27060822E991A300CA7225 /* Products */,
			);
			sourceTree = "<group>";
		};
		FE27060822E991A300CA7225 /* Products */ = {
			isa = PBXGroup;
			children = (
				FE27060722E991A300CA7225 /* tinder-clone.app */,
			);
			name = Products;
			sourceTree = "<group>";
		};
		FE27060922E991A300CA7225 /* tinder-clone */ = {
			isa = PBXGroup;
			children = (
				FE14C17F22EB18E6001E6471 /* Model */,
				FE27061F22E9CBE500CA7225 /* Views */,
				FE27061C22E9939700CA7225 /* Extensions */,
				FE27060A22E991A300CA7225 /* AppDelegate.swift */,
				FE27060C22E991A300CA7225 /* HomeController.swift */,
				FE27060E22E991A300CA7225 /* Main.storyboard */,
				FE27061122E991A400CA7225 /* Assets.xcassets */,
				FE27061322E991A400CA7225 /* LaunchScreen.storyboard */,
				FE27061622E991A400CA7225 /* Info.plist */,
			);
			path = "tinder-clone";
			sourceTree = "<group>";
		};
		FE27061C22E9939700CA7225 /* Extensions */ = {
			isa = PBXGroup;
			children = (
				FE27061D22E993C600CA7225 /* Extensions+UIView.swift */,
			);
			path = Extensions;
			sourceTree = "<group>";
		};
		FE27061F22E9CBE500CA7225 /* Views */ = {
			isa = PBXGroup;
			children = (
				FE27062022E9CC0D00CA7225 /* HomeBottomControlsStackView.swift */,
				FE14C17B22EAF452001E6471 /* TopNavigationStackView.swift */,
				FE14C17D22EAFB77001E6471 /* CardView.swift */,
			);
			path = Views;
			sourceTree = "<group>";
		};
/* End PBXGroup section */

/* Begin PBXNativeTarget section */
		FE27060622E991A300CA7225 /* tinder-clone */ = {
			isa = PBXNativeTarget;
			buildConfigurationList = FE27061922E991A400CA7225 /* Build configuration list for PBXNativeTarget "tinder-clone" */;
			buildPhases = (
				FE27060322E991A300CA7225 /* Sources */,
				FE27060422E991A300CA7225 /* Frameworks */,
				FE27060522E991A300CA7225 /* Resources */,
			);
			buildRules = (
			);
			dependencies = (
			);
			name = "tinder-clone";
			productName = "tinder-clone";
			productReference = FE27060722E991A300CA7225 /* tinder-clone.app */;
			productType = "com.apple.product-type.application";
		};
/* End PBXNativeTarget section */

/* Begin PBXProject section */
		FE2705FF22E991A300CA7225 /* Project object */ = {
			isa = PBXProject;
			attributes = {
				LastSwiftUpdateCheck = 1020;
				LastUpgradeCheck = 1020;
				ORGANIZATIONNAME = "yash Shelatkar";
				TargetAttributes = {
					FE27060622E991A300CA7225 = {
						CreatedOnToolsVersion = 10.2.1;
					};
				};
			};
			buildConfigurationList = FE27060222E991A300CA7225 /* Build configuration list for PBXProject "tinder-clone" */;
			compatibilityVersion = "Xcode 9.3";
			developmentRegion = en;
			hasScannedForEncodings = 0;
			knownRegions = (
				en,
				Base,
			);
			mainGroup = FE2705FE22E991A300CA7225;
			productRefGroup = FE27060822E991A300CA7225 /* Products */;
			projectDirPath = "";
			projectRoot = "";
			targets = (
				FE27060622E991A300CA7225 /* tinder-clone */,
			);
		};
/* End PBXProject section */

/* Begin PBXResourcesBuildPhase section */
		FE27060522E991A300CA7225 /* Resources */ = {
			isa = PBXResourcesBuildPhase;
			buildActionMask = 2147483647;
			files = (
				FE27061522E991A400CA7225 /* LaunchScreen.storyboard in Resources */,
				FE27061222E991A400CA7225 /* Assets.xcassets in Resources */,
				FE27061022E991A300CA7225 /* Main.storyboard in Resources */,
			);
			runOnlyForDeploymentPostprocessing = 0;
		};
/* End PBXResourcesBuildPhase section */

/* Begin PBXSourcesBuildPhase section */
		FE27060322E991A300CA7225 /* Sources */ = {
			isa = PBXSourcesBuildPhase;
			buildActionMask = 2147483647;
			files = (
				FE27060D22E991A300CA7225 /* HomeController.swift in Sources */,
				FE27062122E9CC0D00CA7225 /* HomeBottomControlsStackView.swift in Sources */,
				FE27060B22E991A300CA7225 /* AppDelegate.swift in Sources */,
				FE27061E22E993C600CA7225 /* Extensions+UIView.swift in Sources */,
				FE14C17E22EAFB77001E6471 /* CardView.swift in Sources */,
				FE14C17C22EAF452001E6471 /* TopNavigationStackView.swift in Sources */,
				FE14C18122EB18F4001E6471 /* User.swift in Sources */,
			);
			runOnlyForDeploymentPostprocessing = 0;
		};
/* End PBXSourcesBuildPhase section */

/* Begin PBXVariantGroup section */
		FE27060E22E991A300CA7225 /* Main.storyboard */ = {
			isa = PBXVariantGroup;
			children = (
				FE27060F22E991A300CA7225 /* Base */,
			);
			name = Main.storyboard;
			sourceTree = "<group>";
		};
		FE27061322E991A400CA7225 /* LaunchScreen.storyboard */ = {
			isa = PBXVariantGroup;
			children = (
				FE27061422E991A400CA7225 /* Base */,
			);
			name = LaunchScreen.storyboard;
			sourceTree = "<group>";
		};
/* End PBXVariantGroup section */

/* Begin XCBuildConfiguration section */
		FE27061722E991A400CA7225 /* Debug */ = {
			isa = XCBuildConfiguration;
			buildSettings = {
				ALWAYS_SEARCH_USER_PATHS = NO;
				CLANG_ANALYZER_NONNULL = YES;
				CLANG_ANALYZER_NUMBER_OBJECT_CONVERSION = YES_AGGRESSIVE;
				CLANG_CXX_LANGUAGE_STANDARD = "gnu++14";
				CLANG_CXX_LIBRARY = "libc++";
				CLANG_ENABLE_MODULES = YES;
				CLANG_ENABLE_OBJC_ARC = YES;
				CLANG_ENABLE_OBJC_WEAK = YES;
				CLANG_WARN_BLOCK_CAPTURE_AUTORELEASING = YES;
				CLANG_WARN_BOOL_CONVERSION = YES;
				CLANG_WARN_COMMA = YES;
				CLANG_WARN_CONSTANT_CONVERSION = YES;
				CLANG_WARN_DEPRECATED_OBJC_IMPLEMENTATIONS = YES;
				CLANG_WARN_DIRECT_OBJC_ISA_USAGE = YES_ERROR;
				CLANG_WARN_DOCUMENTATION_COMMENTS = YES;
				CLANG_WARN_EMPTY_BODY = YES;
				CLANG_WARN_ENUM_CONVERSION = YES;
				CLANG_WARN_INFINITE_RECURSION = YES;
				CLANG_WARN_INT_CONVERSION = YES;
				CLANG_WARN_NON_LITERAL_NULL_CONVERSION = YES;
				CLANG_WARN_OBJC_IMPLICIT_RETAIN_SELF = YES;
				CLANG_WARN_OBJC_LITERAL_CONVERSION = YES;
				CLANG_WARN_OBJC_ROOT_CLASS = YES_ERROR;
				CLANG_WARN_RANGE_LOOP_ANALYSIS = YES;
				CLANG_WARN_STRICT_PROTOTYPES = YES;
				CLANG_WARN_SUSPICIOUS_MOVE = YES;
				CLANG_WARN_UNGUARDED_AVAILABILITY = YES_AGGRESSIVE;
				CLANG_WARN_UNREACHABLE_CODE = YES;
				CLANG_WARN__DUPLICATE_METHOD_MATCH = YES;
				CODE_SIGN_IDENTITY = "iPhone Developer";
				COPY_PHASE_STRIP = NO;
				DEBUG_INFORMATION_FORMAT = dwarf;
				ENABLE_STRICT_OBJC_MSGSEND = YES;
				ENABLE_TESTABILITY = YES;
				GCC_C_LANGUAGE_STANDARD = gnu11;
				GCC_DYNAMIC_NO_PIC = NO;
				GCC_NO_COMMON_BLOCKS = YES;
				GCC_OPTIMIZATION_LEVEL = 0;
				GCC_PREPROCESSOR_DEFINITIONS = (
					"DEBUG=1",
					"$(inherited)",
				);
				GCC_WARN_64_TO_32_BIT_CONVERSION = YES;
				GCC_WARN_ABOUT_RETURN_TYPE = YES_ERROR;
				GCC_WARN_UNDECLARED_SELECTOR = YES;
				GCC_WARN_UNINITIALIZED_AUTOS = YES_AGGRESSIVE;
				GCC_WARN_UNUSED_FUNCTION = YES;
				GCC_WARN_UNUSED_VARIABLE = YES;
				IPHONEOS_DEPLOYMENT_TARGET = 12.2;
				MTL_ENABLE_DEBUG_INFO = INCLUDE_SOURCE;
				MTL_FAST_MATH = YES;
				ONLY_ACTIVE_ARCH = YES;
				SDKROOT = iphoneos;
				SWIFT_ACTIVE_COMPILATION_CONDITIONS = DEBUG;
				SWIFT_OPTIMIZATION_LEVEL = "-Onone";
			};
			name = Debug;
		};
		FE27061822E991A400CA7225 /* Release */ = {
			isa = XCBuildConfiguration;
			buildSettings = {
				ALWAYS_SEARCH_USER_PATHS = NO;
				CLANG_ANALYZER_NONNULL = YES;
				CLANG_ANALYZER_NUMBER_OBJECT_CONVERSION = YES_AGGRESSIVE;
				CLANG_CXX_LANGUAGE_STANDARD = "gnu++14";
				CLANG_CXX_LIBRARY = "libc++";
				CLANG_ENABLE_MODULES = YES;
				CLANG_ENABLE_OBJC_ARC = YES;
				CLANG_ENABLE_OBJC_WEAK = YES;
				CLANG_WARN_BLOCK_CAPTURE_AUTORELEASING = YES;
				CLANG_WARN_BOOL_CONVERSION = YES;
				CLANG_WARN_COMMA = YES;
				CLANG_WARN_CONSTANT_CONVERSION = YES;
				CLANG_WARN_DEPRECATED_OBJC_IMPLEMENTATIONS = YES;
				CLANG_WARN_DIRECT_OBJC_ISA_USAGE = YES_ERROR;
				CLANG_WARN_DOCUMENTATION_COMMENTS = YES;
				CLANG_WARN_EMPTY_BODY = YES;
				CLANG_WARN_ENUM_CONVERSION = YES;
				CLANG_WARN_INFINITE_RECURSION = YES;
				CLANG_WARN_INT_CONVERSION = YES;
				CLANG_WARN_NON_LITERAL_NULL_CONVERSION = YES;
				CLANG_WARN_OBJC_IMPLICIT_RETAIN_SELF = YES;
				CLANG_WARN_OBJC_LITERAL_CONVERSION = YES;
				CLANG_WARN_OBJC_ROOT_CLASS = YES_ERROR;
				CLANG_WARN_RANGE_LOOP_ANALYSIS = YES;
				CLANG_WARN_STRICT_PROTOTYPES = YES;
				CLANG_WARN_SUSPICIOUS_MOVE = YES;
				CLANG_WARN_UNGUARDED_AVAILABILITY = YES_AGGRESSIVE;
				CLANG_WARN_UNREACHABLE_CODE = YES;
				CLANG_WARN__DUPLICATE_METHOD_MATCH = YES;
				CODE_SIGN_IDENTITY = "iPhone Developer";
				COPY_PHASE_STRIP = NO;
				DEBUG_INFORMATION_FORMAT = "dwarf-with-dsym";
				ENABLE_NS_ASSERTIONS = NO;
				ENABLE_STRICT_OBJC_MSGSEND = YES;
				GCC_C_LANGUAGE_STANDARD = gnu11;
				GCC_NO_COMMON_BLOCKS = YES;
				GCC_WARN_64_TO_32_BIT_CONVERSION = YES;
				GCC_WARN_ABOUT_RETURN_TYPE = YES_ERROR;
				GCC_WARN_UNDECLARED_SELECTOR = YES;
				GCC_WARN_UNINITIALIZED_AUTOS = YES_AGGRESSIVE;
				GCC_WARN_UNUSED_FUNCTION = YES;
				GCC_WARN_UNUSED_VARIABLE = YES;
				IPHONEOS_DEPLOYMENT_TARGET = 12.2;
				MTL_ENABLE_DEBUG_INFO = NO;
				MTL_FAST_MATH = YES;
				SDKROOT = iphoneos;
				SWIFT_COMPILATION_MODE = wholemodule;
				SWIFT_OPTIMIZATION_LEVEL = "-O";
				VALIDATE_PRODUCT = YES;
			};
			name = Release;
		};
		FE27061A22E991A400CA7225 /* Debug */ = {
			isa = XCBuildConfiguration;
			buildSettings = {
				ASSETCATALOG_COMPILER_APPICON_NAME = AppIcon;
				CODE_SIGN_STYLE = Automatic;
				DEVELOPMENT_TEAM = SYTJT45T2T;
				INFOPLIST_FILE = "tinder-clone/Info.plist";
				IPHONEOS_DEPLOYMENT_TARGET = 12.1;
				LD_RUNPATH_SEARCH_PATHS = (
					"$(inherited)",
					"@executable_path/Frameworks",
				);
				PRODUCT_BUNDLE_IDENTIFIER = "com.shelatkaryash.tinder-clone";
				PRODUCT_NAME = "$(TARGET_NAME)";
				SWIFT_VERSION = 4.2;
				TARGETED_DEVICE_FAMILY = "1,2";
			};
			name = Debug;
		};
		FE27061B22E991A400CA7225 /* Release */ = {
			isa = XCBuildConfiguration;
			buildSettings = {
				ASSETCATALOG_COMPILER_APPICON_NAME = AppIcon;
				CODE_SIGN_STYLE = Automatic;
				DEVELOPMENT_TEAM = SYTJT45T2T;
				INFOPLIST_FILE = "tinder-clone/Info.plist";
				IPHONEOS_DEPLOYMENT_TARGET = 12.1;
				LD_RUNPATH_SEARCH_PATHS = (
					"$(inherited)",
					"@executable_path/Frameworks",
				);
				PRODUCT_BUNDLE_IDENTIFIER = "com.shelatkaryash.tinder-clone";
				PRODUCT_NAME = "$(TARGET_NAME)";
				SWIFT_VERSION = 4.2;
				TARGETED_DEVICE_FAMILY = "1,2";
			};
			name = Release;
		};
/* End XCBuildConfiguration section */

/* Begin XCConfigurationList section */
		FE27060222E991A300CA7225 /* Build configuration list for PBXProject "tinder-clone" */ = {
			isa = XCConfigurationList;
			buildConfigurations = (
				FE27061722E991A400CA7225 /* Debug */,
				FE27061822E991A400CA7225 /* Release */,
			);
			defaultConfigurationIsVisible = 0;
			defaultConfigurationName = Release;
		};
		FE27061922E991A400CA7225 /* Build configuration list for PBXNativeTarget "tinder-clone" */ = {
			isa = XCConfigurationList;
			buildConfigurations = (
				FE27061A22E991A400CA7225 /* Debug */,
				FE27061B22E991A400CA7225 /* Release */,
			);
			defaultConfigurationIsVisible = 0;
			defaultConfigurationName = Release;
		};
/* End XCConfigurationList section */
	};
	rootObject = FE2705FF22E991A300CA7225 /* Project object */;
}
